
Microsoft Visual Studio Solution File, Format Version 12.00
# Visual Studio Version 16
VisualStudioVersion = 16.0.29613.14
MinimumVisualStudioVersion = 10.0.40219.1
Project("{FAE04EC0-301F-11D3-BF4B-00C04F79EFBC}") = "SiteProvisioningWebApi", "SiteProvisioningWebApi.csproj", "{6EC6EF55-139D-4C2A-8622-1CA15C54E29A}"
EndProject
Global
	GlobalSection(SolutionConfigurationPlatforms) = preSolution
		Debug|Any CPU = Debug|Any CPU
		Release|Any CPU = Release|Any CPU
	EndGlobalSection
	GlobalSection(ProjectConfigurationPlatforms) = postSolution
		{6EC6EF55-139D-4C2A-8622-1CA15C54E29A}.Debug|Any CPU.ActiveCfg = Debug|Any CPU
		{6EC6EF55-139D-4C2A-8622-1CA15C54E29A}.Debug|Any CPU.Build.0 = Debug|Any CPU
		{6EC6EF55-139D-4C2A-8622-1CA15C54E29A}.Release|Any CPU.ActiveCfg = Release|Any CPU
		{6EC6EF55-139D-4C2A-8622-1CA15C54E29A}.Release|Any CPU.Build.0 = Release|Any CPU
	EndGlobalSection
	GlobalSection(SolutionProperties) = preSolution
		HideSolutionNode = FALSE
	EndGlobalSection
	GlobalSection(ExtensibilityGlobals) = postSolution
		SolutionGuid = {C88B0FE2-FABF-42BE-997B-A5C59D0C3B76}
	EndGlobalSection
EndGlobal
